{
	"name": "WeTune-Client",
	"version": "1.0.0",
	"lockfileVersion": 1,
	"requires": true,
	"dependencies": {
		"angular": {
			"version": "1.6.5",
			"resolved": "https://registry.npmjs.org/angular/-/angular-1.6.5.tgz",
			"integrity": "sha1-N/eI7r7Fzi4/oCsXu8sqIxV2oNY="
		},
		"angular-youtube-embed": {
			"version": "1.3.1",
			"resolved": "https://registry.npmjs.org/angular-youtube-embed/-/angular-youtube-embed-1.3.1.tgz",
			"integrity": "sha1-IpC9vqG3y+dRBRH2IFmsyW12pps=",
			"requires": {
				"angular": "1.6.5"
			}
		}
	}
}
